
Microsoft Visual Studio Solution File, Format Version 12.00
# Visual Studio 15
VisualStudioVersion = 15.0.28307.271
MinimumVisualStudioVersion = 10.0.40219.1
Project("{FAE04EC0-301F-11D3-BF4B-00C04F79EFBC}") = "ContosoUniversityDemo", "ContosoUniversityDemo\ContosoUniversityDemo.csproj", "{50D3A17A-62CE-4575-B1B3-1370F3BD2029}"
EndProject
Global
	GlobalSection(SolutionConfigurationPlatforms) = preSolution
		Debug|Any CPU = Debug|Any CPU
		Release|Any CPU = Release|Any CPU
	EndGlobalSection
	GlobalSection(ProjectConfigurationPlatforms) = postSolution
		{50D3A17A-62CE-4575-B1B3-1370F3BD2029}.Debug|Any CPU.ActiveCfg = Debug|Any CPU
		{50D3A17A-62CE-4575-B1B3-1370F3BD2029}.Debug|Any CPU.Build.0 = Debug|Any CPU
		{50D3A17A-62CE-4575-B1B3-1370F3BD2029}.Release|Any CPU.ActiveCfg = Release|Any CPU
		{50D3A17A-62CE-4575-B1B3-1370F3BD2029}.Release|Any CPU.Build.0 = Release|Any CPU
	EndGlobalSection
	GlobalSection(SolutionProperties) = preSolution
		HideSolutionNode = FALSE
	EndGlobalSection
	GlobalSection(ExtensibilityGlobals) = postSolution
		SolutionGuid = {02D95C5B-0BBB-43E0-8C87-2E05B9F22037}
	EndGlobalSection
EndGlobal
